
Microsoft Visual Studio Solution File, Format Version 12.00
# Visual Studio 15
VisualStudioVersion = 15.0.28307.1145
MinimumVisualStudioVersion = 10.0.40219.1
Project("{FAE04EC0-301F-11D3-BF4B-00C04F79EFBC}") = "ocelot-gateway", "ocelot-gateway\ocelot-gateway.csproj", "{2AD7B30F-E90B-4C8E-BCCD-5E870400F7E4}"
EndProject
Project("{FAE04EC0-301F-11D3-BF4B-00C04F79EFBC}") = "order-api", "order-api\order-api.csproj", "{DF87796F-8A54-4E7F-95FF-25E82EC42500}"
EndProject
Project("{FAE04EC0-301F-11D3-BF4B-00C04F79EFBC}") = "product-api", "product-api\product-api.csproj", "{2C211229-16AF-4E30-A394-0887955915DD}"
EndProject
Global
	GlobalSection(SolutionConfigurationPlatforms) = preSolution
		Debug|Any CPU = Debug|Any CPU
		Release|Any CPU = Release|Any CPU
	EndGlobalSection
	GlobalSection(ProjectConfigurationPlatforms) = postSolution
		{2AD7B30F-E90B-4C8E-BCCD-5E870400F7E4}.Debug|Any CPU.ActiveCfg = Debug|Any CPU
		{2AD7B30F-E90B-4C8E-BCCD-5E870400F7E4}.Debug|Any CPU.Build.0 = Debug|Any CPU
		{2AD7B30F-E90B-4C8E-BCCD-5E870400F7E4}.Release|Any CPU.ActiveCfg = Release|Any CPU
		{2AD7B30F-E90B-4C8E-BCCD-5E870400F7E4}.Release|Any CPU.Build.0 = Release|Any CPU
		{DF87796F-8A54-4E7F-95FF-25E82EC42500}.Debug|Any CPU.ActiveCfg = Debug|Any CPU
		{DF87796F-8A54-4E7F-95FF-25E82EC42500}.Debug|Any CPU.Build.0 = Debug|Any CPU
		{DF87796F-8A54-4E7F-95FF-25E82EC42500}.Release|Any CPU.ActiveCfg = Release|Any CPU
		{DF87796F-8A54-4E7F-95FF-25E82EC42500}.Release|Any CPU.Build.0 = Release|Any CPU
		{2C211229-16AF-4E30-A394-0887955915DD}.Debug|Any CPU.ActiveCfg = Debug|Any CPU
		{2C211229-16AF-4E30-A394-0887955915DD}.Debug|Any CPU.Build.0 = Debug|Any CPU
		{2C211229-16AF-4E30-A394-0887955915DD}.Release|Any CPU.ActiveCfg = Release|Any CPU
		{2C211229-16AF-4E30-A394-0887955915DD}.Release|Any CPU.Build.0 = Release|Any CPU
	EndGlobalSection
	GlobalSection(SolutionProperties) = preSolution
		HideSolutionNode = FALSE
	EndGlobalSection
	GlobalSection(ExtensibilityGlobals) = postSolution
		SolutionGuid = {66BAEAB4-5C9B-45CA-ABF2-15ECD8A75A26}
	EndGlobalSection
EndGlobal
